{
    "_meta": {
        "hash": {
            "sha256": "46fed9611aa4d013f1459c40b3e3c972de77fddb8daf1127501477c9bdcf0e1c"
        },
        "requires": {},
        "sources": [
            {
                "url": "https://pypi.python.org/simple",
                "verify_ssl": true
            }
        ]
    },
    "default": {
        "certifi": {
            "version": "==2017.4.17"
        },
        "chardet": {
            "version": "==3.0.3"
        },
        "django": {
            "version": "==1.11.1"
        },
        "django-filter": {
            "version": "==1.0.4"
        },
        "django-js-reverse": {
            "version": "==0.7.3"
        },
        "djangorestframework": {
            "version": "==3.6.3"
        },
        "easy-thumbnails": {
            "version": "==2.4.1"
        },
        "idna": {
            "version": "==2.5"
        },
        "nameparser": {
            "version": "==0.5.2"
        },
        "olefile": {
            "version": "==0.44"
        },
        "pillow": {
            "version": "==4.1.1"
        },
        "pytz": {
            "version": "==2017.2"
        },
        "requests": {
            "version": "==2.17.3"
        },
        "urllib3": {
            "version": "==1.21.1"
        }
    },
    "develop": {
        "certifi": {
            "version": "==2017.4.17"
        },
        "chardet": {
            "version": "==3.0.3"
        },
        "codecov": {
            "version": "==2.0.9"
        },
        "coverage": {
            "version": "==4.4.1"
        },
        "decorator": {
            "version": "==4.0.11"
        },
        "django": {
            "version": "==1.11.1"
        },
        "django-debug-toolbar": {
            "version": "==1.8"
        },
        "flake8": {
            "version": "==3.3.0"
        },
        "idna": {
            "version": "==2.5"
        },
        "ipython": {
            "version": "==6.1.0"
        },
        "ipython-genutils": {
            "version": "==0.2.0"
        },
        "isort": {
            "version": "==4.2.8"
        },
        "jedi": {
            "version": "==0.10.2"
        },
        "mccabe": {
            "version": "==0.6.1"
        },
        "mock": {
            "version": "==2.0.0"
        },
        "pbr": {
            "version": "==3.0.1"
        },
        "pexpect": {
            "version": "==4.2.1"
        },
        "pickleshare": {
            "version": "==0.7.4"
        },
        "pluggy": {
            "version": "==0.4.0"
        },
        "prompt-toolkit": {
            "version": "==1.0.14"
        },
        "ptyprocess": {
            "version": "==0.5.1"
        },
        "py": {
            "version": "==1.4.33"
        },
        "pycodestyle": {
            "version": "==2.3.1"
        },
        "pyflakes": {
            "version": "==1.5.0"
        },
        "pygments": {
            "version": "==2.2.0"
        },
        "pytest": {
            "version": "==3.1.1"
        },
        "pytest-cov": {
            "version": "==2.5.1"
        },
        "pytest-django": {
            "version": "==3.1.2"
        },
        "pytest-pythonpath": {
            "version": "==0.7.1"
        },
        "pytest-spec": {
            "version": "==1.1.0"
        },
        "pytest-sugar": {
            "version": "==0.8.0"
        },
        "pytz": {
            "version": "==2017.2"
        },
        "requests": {
            "version": "==2.17.3"
        },
        "selenium": {
            "version": "==3.4.3"
        },
        "setuptools": {
            "version": "==36.0.1"
        },
        "simplegeneric": {
            "version": "==0.8.1"
        },
        "six": {
            "version": "==1.10.0"
        },
        "sqlparse": {
            "version": "==0.2.3"
        },
        "termcolor": {
            "version": "==1.1.0"
        },
        "tox": {
            "version": "==2.7.0"
        },
        "traitlets": {
            "version": "==4.3.2"
        },
        "urllib3": {
            "version": "==1.21.1"
        },
        "virtualenv": {
            "version": "==15.1.0"
        },
        "wcwidth": {
            "version": "==0.1.7"
        }
    }
}
